// !$*UTF8*$!
{
	archiveVersion = 1;
	classes = {
	};
	objectVersion = 46;
	objects = {

/* Begin PBXBuildFile section */
		6003F58E195388D20070C39A /* Foundation.framework in Frameworks */ = {isa = PBXBuildFile; fileRef = 6003F58D195388D20070C39A /* Foundation.framework */; };
		6003F590195388D20070C39A /* CoreGraphics.framework in Frameworks */ = {isa = PBXBuildFile; fileRef = 6003F58F195388D20070C39A /* CoreGraphics.framework */; };
		6003F592195388D20070C39A /* UIKit.framework in Frameworks */ = {isa = PBXBuildFile; fileRef = 6003F591195388D20070C39A /* UIKit.framework */; };
		6003F598195388D20070C39A /* InfoPlist.strings in Resources */ = {isa = PBXBuildFile; fileRef = 6003F596195388D20070C39A /* InfoPlist.strings */; };
		6003F59A195388D20070C39A /* main.m in Sources */ = {isa = PBXBuildFile; fileRef = 6003F599195388D20070C39A /* main.m */; };
		6003F59E195388D20070C39A /* DGAppDelegate.m in Sources */ = {isa = PBXBuildFile; fileRef = 6003F59D195388D20070C39A /* DGAppDelegate.m */; };
		6003F5A7195388D20070C39A /* DGViewController.m in Sources */ = {isa = PBXBuildFile; fileRef = 6003F5A6195388D20070C39A /* DGViewController.m */; };
		6003F5A9195388D20070C39A /* Images.xcassets in Resources */ = {isa = PBXBuildFile; fileRef = 6003F5A8195388D20070C39A /* Images.xcassets */; };
		6003F5B0195388D20070C39A /* XCTest.framework in Frameworks */ = {isa = PBXBuildFile; fileRef = 6003F5AF195388D20070C39A /* XCTest.framework */; };
		6003F5B1195388D20070C39A /* Foundation.framework in Frameworks */ = {isa = PBXBuildFile; fileRef = 6003F58D195388D20070C39A /* Foundation.framework */; };
		6003F5B2195388D20070C39A /* UIKit.framework in Frameworks */ = {isa = PBXBuildFile; fileRef = 6003F591195388D20070C39A /* UIKit.framework */; };
		6003F5BA195388D20070C39A /* InfoPlist.strings in Resources */ = {isa = PBXBuildFile; fileRef = 6003F5B8195388D20070C39A /* InfoPlist.strings */; };
		6003F5BC195388D20070C39A /* Tests.m in Sources */ = {isa = PBXBuildFile; fileRef = 6003F5BB195388D20070C39A /* Tests.m */; };
		71719F9F1E33DC2100824A3D /* LaunchScreen.storyboard in Resources */ = {isa = PBXBuildFile; fileRef = 71719F9D1E33DC2100824A3D /* LaunchScreen.storyboard */; };
		873B8AEB1B1F5CCA007FD442 /* Main.storyboard in Resources */ = {isa = PBXBuildFile; fileRef = 873B8AEA1B1F5CCA007FD442 /* Main.storyboard */; };
		C00332DECF8EC4482B3763F2 /* libPods-dg_Example.a in Frameworks */ = {isa = PBXBuildFile; fileRef = 664BD5412FEEB63985A64284 /* libPods-dg_Example.a */; };
		F210282320622F6B0039F71E /* WZViewController.m in Sources */ = {isa = PBXBuildFile; fileRef = F210281B20622F6B0039F71E /* WZViewController.m */; };
		F210282420622F6B0039F71E /* WZWebViewController.m in Sources */ = {isa = PBXBuildFile; fileRef = F210281C20622F6B0039F71E /* WZWebViewController.m */; };
		F210282520622F6B0039F71E /* WZTabBarController.m in Sources */ = {isa = PBXBuildFile; fileRef = F210281D20622F6B0039F71E /* WZTabBarController.m */; };
		F210282620622F6B0039F71E /* WZCollectionViewController.m in Sources */ = {isa = PBXBuildFile; fileRef = F210281F20622F6B0039F71E /* WZCollectionViewController.m */; };
		F210282720622F6B0039F71E /* WZTableViewController.m in Sources */ = {isa = PBXBuildFile; fileRef = F210282120622F6B0039F71E /* WZTableViewController.m */; };
		F210282820622F6B0039F71E /* WZNavigationController.m in Sources */ = {isa = PBXBuildFile; fileRef = F210282220622F6B0039F71E /* WZNavigationController.m */; };
		F210282B20622F730039F71E /* WZWindow.m in Sources */ = {isa = PBXBuildFile; fileRef = F210282A20622F730039F71E /* WZWindow.m */; };
		F210282E2062336B0039F71E /* DGHomeViewController.m in Sources */ = {isa = PBXBuildFile; fileRef = F210282D2062336B0039F71E /* DGHomeViewController.m */; };
		F210288A2062350D0039F71E /* SBUploadImageView.m in Sources */ = {isa = PBXBuildFile; fileRef = F21028312062350C0039F71E /* SBUploadImageView.m */; };
		F210288B2062350D0039F71E /* WZAdViewController.m in Sources */ = {isa = PBXBuildFile; fileRef = F21028332062350C0039F71E /* WZAdViewController.m */; };
		F210288C2062350D0039F71E /* WZAdViewController.xib in Resources */ = {isa = PBXBuildFile; fileRef = F21028342062350C0039F71E /* WZAdViewController.xib */; };
		F210288D2062350D0039F71E /* WZButton.m in Sources */ = {isa = PBXBuildFile; fileRef = F21028362062350C0039F71E /* WZButton.m */; };
		F210288E2062350D0039F71E /* WZCollectionReusableView.m in Sources */ = {isa = PBXBuildFile; fileRef = F21028382062350C0039F71E /* WZCollectionReusableView.m */; };
		F210288F2062350D0039F71E /* WZCollectionViewCell.m in Sources */ = {isa = PBXBuildFile; fileRef = F210283A2062350C0039F71E /* WZCollectionViewCell.m */; };
		F21028902062350D0039F71E /* WZEmptyView.m in Sources */ = {isa = PBXBuildFile; fileRef = F210283C2062350C0039F71E /* WZEmptyView.m */; };
		F21028912062350D0039F71E /* WZEmptyView.xib in Resources */ = {isa = PBXBuildFile; fileRef = F210283D2062350C0039F71E /* WZEmptyView.xib */; };
		F21028922062350D0039F71E /* WZTableViewCell.m in Sources */ = {isa = PBXBuildFile; fileRef = F210283F2062350C0039F71E /* WZTableViewCell.m */; };
		F21028932062350D0039F71E /* WZTableViewCell.xib in Resources */ = {isa = PBXBuildFile; fileRef = F21028402062350C0039F71E /* WZTableViewCell.xib */; };
		F21028952062350D0039F71E /* WZAppSetting.m in Sources */ = {isa = PBXBuildFile; fileRef = F21028452062350D0039F71E /* WZAppSetting.m */; };
		F21028962062350D0039F71E /* WZCellModel.m in Sources */ = {isa = PBXBuildFile; fileRef = F21028472062350D0039F71E /* WZCellModel.m */; };
		F21028972062350D0039F71E /* WZCollectionReusableModel.m in Sources */ = {isa = PBXBuildFile; fileRef = F21028492062350D0039F71E /* WZCollectionReusableModel.m */; };
		F21028982062350D0039F71E /* WZCollectionViewModel.m in Sources */ = {isa = PBXBuildFile; fileRef = F210284B2062350D0039F71E /* WZCollectionViewModel.m */; };
		F21028992062350D0039F71E /* WZModule.m in Sources */ = {isa = PBXBuildFile; fileRef = F210284D2062350D0039F71E /* WZModule.m */; };
		F210289A2062350D0039F71E /* WZNewVersionModel.m in Sources */ = {isa = PBXBuildFile; fileRef = F210284F2062350D0039F71E /* WZNewVersionModel.m */; };
		F210289B2062350D0039F71E /* WZPush.m in Sources */ = {isa = PBXBuildFile; fileRef = F21028512062350D0039F71E /* WZPush.m */; };
		F210289C2062350D0039F71E /* WZRequest.m in Sources */ = {isa = PBXBuildFile; fileRef = F21028532062350D0039F71E /* WZRequest.m */; };
		F210289D2062350D0039F71E /* WZRequestModel.m in Sources */ = {isa = PBXBuildFile; fileRef = F21028552062350D0039F71E /* WZRequestModel.m */; };
		F210289E2062350D0039F71E /* WZResponse.m in Sources */ = {isa = PBXBuildFile; fileRef = F21028572062350D0039F71E /* WZResponse.m */; };
		F210289F2062350D0039F71E /* JLRoutes+YM.m in Sources */ = {isa = PBXBuildFile; fileRef = F210285A2062350D0039F71E /* JLRoutes+YM.m */; };
		F21028A02062350D0039F71E /* NSDate+WZDate.m in Sources */ = {isa = PBXBuildFile; fileRef = F210285C2062350D0039F71E /* NSDate+WZDate.m */; };
		F21028A12062350D0039F71E /* NSString+Hash.m in Sources */ = {isa = PBXBuildFile; fileRef = F210285E2062350D0039F71E /* NSString+Hash.m */; };
		F21028A22062350D0039F71E /* NSString+WZFormat.m in Sources */ = {isa = PBXBuildFile; fileRef = F21028602062350D0039F71E /* NSString+WZFormat.m */; };
		F21028A32062350D0039F71E /* NSString+WZString.m in Sources */ = {isa = PBXBuildFile; fileRef = F21028622062350D0039F71E /* NSString+WZString.m */; };
		F21028A42062350D0039F71E /* PINCache+YMCache.m in Sources */ = {isa = PBXBuildFile; fileRef = F21028642062350D0039F71E /* PINCache+YMCache.m */; };
		F21028A52062350D0039F71E /* UIButton+WZButton.m in Sources */ = {isa = PBXBuildFile; fileRef = F21028662062350D0039F71E /* UIButton+WZButton.m */; };
		F21028A62062350D0039F71E /* UIView+WZXibView.m in Sources */ = {isa = PBXBuildFile; fileRef = F21028682062350D0039F71E /* UIView+WZXibView.m */; };
		F21028AB2062350D0039F71E /* CCBridgeModule.m in Sources */ = {isa = PBXBuildFile; fileRef = F210287C2062350D0039F71E /* CCBridgeModule.m */; };
		F21028AC2062350D0039F71E /* CCWXShare.m in Sources */ = {isa = PBXBuildFile; fileRef = F210287E2062350D0039F71E /* CCWXShare.m */; };
		F21028AD2062350D0039F71E /* SASharePanel.m in Sources */ = {isa = PBXBuildFile; fileRef = F21028802062350D0039F71E /* SASharePanel.m */; };
		F21028AE2062350D0039F71E /* SASharePanel.xib in Resources */ = {isa = PBXBuildFile; fileRef = F21028812062350D0039F71E /* SASharePanel.xib */; };
		F21028AF2062350D0039F71E /* SBDatePickerView.m in Sources */ = {isa = PBXBuildFile; fileRef = F21028832062350D0039F71E /* SBDatePickerView.m */; };
		F21028B12062350D0039F71E /* WZShare.m in Sources */ = {isa = PBXBuildFile; fileRef = F21028872062350D0039F71E /* WZShare.m */; };
		F21028B22062350D0039F71E /* YHLTextFieldPhone.m in Sources */ = {isa = PBXBuildFile; fileRef = F21028892062350D0039F71E /* YHLTextFieldPhone.m */; };
		F21028B52062403E0039F71E /* DGListViewController.m in Sources */ = {isa = PBXBuildFile; fileRef = F21028B42062403E0039F71E /* DGListViewController.m */; };
		F21028B9206244780039F71E /* DGListModel.m in Sources */ = {isa = PBXBuildFile; fileRef = F21028B8206244780039F71E /* DGListModel.m */; };
		F21028BD2062448F0039F71E /* DGHomeListTableViewCell.m in Sources */ = {isa = PBXBuildFile; fileRef = F21028BB2062448F0039F71E /* DGHomeListTableViewCell.m */; };
		F21028BE2062448F0039F71E /* DGHomeListTableViewCell.xib in Resources */ = {isa = PBXBuildFile; fileRef = F21028BC2062448F0039F71E /* DGHomeListTableViewCell.xib */; };
		F21028D1206268370039F71E /* DG99BaoyouViewController.m in Sources */ = {isa = PBXBuildFile; fileRef = F21028D0206268370039F71E /* DG99BaoyouViewController.m */; };
		F21028D420626E700039F71E /* DGSpecialViewController.m in Sources */ = {isa = PBXBuildFile; fileRef = F21028D320626E700039F71E /* DGSpecialViewController.m */; };
		F21028D720626ED40039F71E /* DGCarViewController.m in Sources */ = {isa = PBXBuildFile; fileRef = F21028D620626ED40039F71E /* DGCarViewController.m */; };
		F21028DB20626FA70039F71E /* DGMyViewController.m in Sources */ = {isa = PBXBuildFile; fileRef = F21028D920626FA70039F71E /* DGMyViewController.m */; };
		F21028DC20626FA70039F71E /* DGMyViewController.xib in Resources */ = {isa = PBXBuildFile; fileRef = F21028DA20626FA70039F71E /* DGMyViewController.xib */; };
		F21028DF206274210039F71E /* DGBaoyouViewController.m in Sources */ = {isa = PBXBuildFile; fileRef = F21028DE206274210039F71E /* DGBaoyouViewController.m */; };
		F21028E2206276FC0039F71E /* DGSpecialListViewController.m in Sources */ = {isa = PBXBuildFile; fileRef = F21028E1206276FC0039F71E /* DGSpecialListViewController.m */; };
		F21028E620627C270039F71E /* CCSearchHeaderButtonView.m in Sources */ = {isa = PBXBuildFile; fileRef = F21028E420627C270039F71E /* CCSearchHeaderButtonView.m */; };
		F21028E720627C270039F71E /* CCSearchHeaderButtonView.xib in Resources */ = {isa = PBXBuildFile; fileRef = F21028E520627C270039F71E /* CCSearchHeaderButtonView.xib */; };
		F21028EA2063AAAB0039F71E /* DGGlobalConfig.m in Sources */ = {isa = PBXBuildFile; fileRef = F21028E92063AAAB0039F71E /* DGGlobalConfig.m */; };
		F224E97420594AF000C92206 /* MyAlertView.m in Sources */ = {isa = PBXBuildFile; fileRef = F224E97220594AF000C92206 /* MyAlertView.m */; };
		F224E97620594B8E00C92206 /* yw_1222.jpg in Resources */ = {isa = PBXBuildFile; fileRef = F224E97520594B8E00C92206 /* yw_1222.jpg */; };
		F224E9792059519A00C92206 /* ALiTradeSDKShareParam.m in Sources */ = {isa = PBXBuildFile; fileRef = F224E9772059519900C92206 /* ALiTradeSDKShareParam.m */; };
		F224E97C205951E500C92206 /* ALiTradeWebViewController.m in Sources */ = {isa = PBXBuildFile; fileRef = F224E97B205951E500C92206 /* ALiTradeWebViewController.m */; };
/* End PBXBuildFile section */

/* Begin PBXContainerItemProxy section */
		6003F5B3195388D20070C39A /* PBXContainerItemProxy */ = {
			isa = PBXContainerItemProxy;
			containerPortal = 6003F582195388D10070C39A /* Project object */;
			proxyType = 1;
			remoteGlobalIDString = 6003F589195388D20070C39A;
			remoteInfo = dg;
		};
/* End PBXContainerItemProxy section */

/* Begin PBXFileReference section */
		1274A36279081C58021B21E7 /* LICENSE */ = {isa = PBXFileReference; includeInIndex = 1; lastKnownFileType = text; name = LICENSE; path = ../LICENSE; sourceTree = "<group>"; };
		171F5A568A50C9D0612F36A2 /* Pods-dg_Example.release.xcconfig */ = {isa = PBXFileReference; includeInIndex = 1; lastKnownFileType = text.xcconfig; name = "Pods-dg_Example.release.xcconfig"; path = "Pods/Target Support Files/Pods-dg_Example/Pods-dg_Example.release.xcconfig"; sourceTree = "<group>"; };
		6003F58A195388D20070C39A /* dg_Example.app */ = {isa = PBXFileReference; explicitFileType = wrapper.application; includeInIndex = 0; path = dg_Example.app; sourceTree = BUILT_PRODUCTS_DIR; };
		6003F58D195388D20070C39A /* Foundation.framework */ = {isa = PBXFileReference; lastKnownFileType = wrapper.framework; name = Foundation.framework; path = System/Library/Frameworks/Foundation.framework; sourceTree = SDKROOT; };
		6003F58F195388D20070C39A /* CoreGraphics.framework */ = {isa = PBXFileReference; lastKnownFileType = wrapper.framework; name = CoreGraphics.framework; path = System/Library/Frameworks/CoreGraphics.framework; sourceTree = SDKROOT; };
		6003F591195388D20070C39A /* UIKit.framework */ = {isa = PBXFileReference; lastKnownFileType = wrapper.framework; name = UIKit.framework; path = System/Library/Frameworks/UIKit.framework; sourceTree = SDKROOT; };
		6003F595195388D20070C39A /* dg-Info.plist */ = {isa = PBXFileReference; lastKnownFileType = text.plist.xml; path = "dg-Info.plist"; sourceTree = "<group>"; };
		6003F597195388D20070C39A /* en */ = {isa = PBXFileReference; lastKnownFileType = text.plist.strings; name = en; path = en.lproj/InfoPlist.strings; sourceTree = "<group>"; };
		6003F599195388D20070C39A /* main.m */ = {isa = PBXFileReference; lastKnownFileType = sourcecode.c.objc; path = main.m; sourceTree = "<group>"; };
		6003F59B195388D20070C39A /* dg-Prefix.pch */ = {isa = PBXFileReference; lastKnownFileType = sourcecode.c.h; path = "dg-Prefix.pch"; sourceTree = "<group>"; };
		6003F59C195388D20070C39A /* DGAppDelegate.h */ = {isa = PBXFileReference; lastKnownFileType = sourcecode.c.h; path = DGAppDelegate.h; sourceTree = "<group>"; };
		6003F59D195388D20070C39A /* DGAppDelegate.m */ = {isa = PBXFileReference; lastKnownFileType = sourcecode.c.objc; path = DGAppDelegate.m; sourceTree = "<group>"; };
		6003F5A5195388D20070C39A /* DGViewController.h */ = {isa = PBXFileReference; lastKnownFileType = sourcecode.c.h; path = DGViewController.h; sourceTree = "<group>"; };
		6003F5A6195388D20070C39A /* DGViewController.m */ = {isa = PBXFileReference; lastKnownFileType = sourcecode.c.objc; path = DGViewController.m; sourceTree = "<group>"; };
		6003F5A8195388D20070C39A /* Images.xcassets */ = {isa = PBXFileReference; lastKnownFileType = folder.assetcatalog; path = Images.xcassets; sourceTree = "<group>"; };
		6003F5AE195388D20070C39A /* dg_Tests.xctest */ = {isa = PBXFileReference; explicitFileType = wrapper.cfbundle; includeInIndex = 0; path = dg_Tests.xctest; sourceTree = BUILT_PRODUCTS_DIR; };
		6003F5AF195388D20070C39A /* XCTest.framework */ = {isa = PBXFileReference; lastKnownFileType = wrapper.framework; name = XCTest.framework; path = Library/Frameworks/XCTest.framework; sourceTree = DEVELOPER_DIR; };
		6003F5B7195388D20070C39A /* Tests-Info.plist */ = {isa = PBXFileReference; lastKnownFileType = text.plist.xml; path = "Tests-Info.plist"; sourceTree = "<group>"; };
		6003F5B9195388D20070C39A /* en */ = {isa = PBXFileReference; lastKnownFileType = text.plist.strings; name = en; path = en.lproj/InfoPlist.strings; sourceTree = "<group>"; };
		6003F5BB195388D20070C39A /* Tests.m */ = {isa = PBXFileReference; lastKnownFileType = sourcecode.c.objc; path = Tests.m; sourceTree = "<group>"; };
		606FC2411953D9B200FFA9A0 /* Tests-Prefix.pch */ = {isa = PBXFileReference; lastKnownFileType = sourcecode.c.h; path = "Tests-Prefix.pch"; sourceTree = "<group>"; };
		664BD5412FEEB63985A64284 /* libPods-dg_Example.a */ = {isa = PBXFileReference; explicitFileType = archive.ar; includeInIndex = 0; path = "libPods-dg_Example.a"; sourceTree = BUILT_PRODUCTS_DIR; };
		71719F9E1E33DC2100824A3D /* Base */ = {isa = PBXFileReference; lastKnownFileType = file.storyboard; name = Base; path = Base.lproj/LaunchScreen.storyboard; sourceTree = "<group>"; };
		873B8AEA1B1F5CCA007FD442 /* Main.storyboard */ = {isa = PBXFileReference; fileEncoding = 4; lastKnownFileType = file.storyboard; name = Main.storyboard; path = Base.lproj/Main.storyboard; sourceTree = "<group>"; };
		B73EAB59F9BED06478310E87 /* Pods_dg_Tests.framework */ = {isa = PBXFileReference; explicitFileType = wrapper.framework; includeInIndex = 0; path = Pods_dg_Tests.framework; sourceTree = BUILT_PRODUCTS_DIR; };
		D3DE213528D4B94EFA42D012 /* Pods-dg_Example.debug.xcconfig */ = {isa = PBXFileReference; includeInIndex = 1; lastKnownFileType = text.xcconfig; name = "Pods-dg_Example.debug.xcconfig"; path = "Pods/Target Support Files/Pods-dg_Example/Pods-dg_Example.debug.xcconfig"; sourceTree = "<group>"; };
		E7F49EFD1D36D74C5881EA99 /* README.md */ = {isa = PBXFileReference; includeInIndex = 1; lastKnownFileType = net.daringfireball.markdown; name = README.md; path = ../README.md; sourceTree = "<group>"; };
		EA1F541CB8080536023B82CF /* dg.podspec */ = {isa = PBXFileReference; includeInIndex = 1; lastKnownFileType = text; name = dg.podspec; path = ../dg.podspec; sourceTree = "<group>"; };
		F210281720622F6B0039F71E /* WZCollectionViewController.h */ = {isa = PBXFileReference; fileEncoding = 4; lastKnownFileType = sourcecode.c.h; path = WZCollectionViewController.h; sourceTree = "<group>"; };
		F210281820622F6B0039F71E /* WZNavigationController.h */ = {isa = PBXFileReference; fileEncoding = 4; lastKnownFileType = sourcecode.c.h; path = WZNavigationController.h; sourceTree = "<group>"; };
		F210281920622F6B0039F71E /* WZTabBarController.h */ = {isa = PBXFileReference; fileEncoding = 4; lastKnownFileType = sourcecode.c.h; path = WZTabBarController.h; sourceTree = "<group>"; };
		F210281A20622F6B0039F71E /* WZTableViewController.h */ = {isa = PBXFileReference; fileEncoding = 4; lastKnownFileType = sourcecode.c.h; path = WZTableViewController.h; sourceTree = "<group>"; };
		F210281B20622F6B0039F71E /* WZViewController.m */ = {isa = PBXFileReference; fileEncoding = 4; lastKnownFileType = sourcecode.c.objc; path = WZViewController.m; sourceTree = "<group>"; };
		F210281C20622F6B0039F71E /* WZWebViewController.m */ = {isa = PBXFileReference; fileEncoding = 4; lastKnownFileType = sourcecode.c.objc; path = WZWebViewController.m; sourceTree = "<group>"; };
		F210281D20622F6B0039F71E /* WZTabBarController.m */ = {isa = PBXFileReference; fileEncoding = 4; lastKnownFileType = sourcecode.c.objc; path = WZTabBarController.m; sourceTree = "<group>"; };
		F210281E20622F6B0039F71E /* WZWebViewController.h */ = {isa = PBXFileReference; fileEncoding = 4; lastKnownFileType = sourcecode.c.h; path = WZWebViewController.h; sourceTree = "<group>"; };
		F210281F20622F6B0039F71E /* WZCollectionViewController.m */ = {isa = PBXFileReference; fileEncoding = 4; lastKnownFileType = sourcecode.c.objc; path = WZCollectionViewController.m; sourceTree = "<group>"; };
		F210282020622F6B0039F71E /* WZViewController.h */ = {isa = PBXFileReference; fileEncoding = 4; lastKnownFileType = sourcecode.c.h; path = WZViewController.h; sourceTree = "<group>"; };
		F210282120622F6B0039F71E /* WZTableViewController.m */ = {isa = PBXFileReference; fileEncoding = 4; lastKnownFileType = sourcecode.c.objc; path = WZTableViewController.m; sourceTree = "<group>"; };
		F210282220622F6B0039F71E /* WZNavigationController.m */ = {isa = PBXFileReference; fileEncoding = 4; lastKnownFileType = sourcecode.c.objc; path = WZNavigationController.m; sourceTree = "<group>"; };
		F210282920622F730039F71E /* WZWindow.h */ = {isa = PBXFileReference; fileEncoding = 4; lastKnownFileType = sourcecode.c.h; path = WZWindow.h; sourceTree = "<group>"; };
		F210282A20622F730039F71E /* WZWindow.m */ = {isa = PBXFileReference; fileEncoding = 4; lastKnownFileType = sourcecode.c.objc; path = WZWindow.m; sourceTree = "<group>"; };
		F210282C2062336B0039F71E /* DGHomeViewController.h */ = {isa = PBXFileReference; lastKnownFileType = sourcecode.c.h; path = DGHomeViewController.h; sourceTree = "<group>"; };
		F210282D2062336B0039F71E /* DGHomeViewController.m */ = {isa = PBXFileReference; lastKnownFileType = sourcecode.c.objc; path = DGHomeViewController.m; sourceTree = "<group>"; };
		F21028302062350C0039F71E /* SBUploadImageView.h */ = {isa = PBXFileReference; fileEncoding = 4; lastKnownFileType = sourcecode.c.h; path = SBUploadImageView.h; sourceTree = "<group>"; };
		F21028312062350C0039F71E /* SBUploadImageView.m */ = {isa = PBXFileReference; fileEncoding = 4; lastKnownFileType = sourcecode.c.objc; path = SBUploadImageView.m; sourceTree = "<group>"; };
		F21028322062350C0039F71E /* WZAdViewController.h */ = {isa = PBXFileReference; fileEncoding = 4; lastKnownFileType = sourcecode.c.h; path = WZAdViewController.h; sourceTree = "<group>"; };
		F21028332062350C0039F71E /* WZAdViewController.m */ = {isa = PBXFileReference; fileEncoding = 4; lastKnownFileType = sourcecode.c.objc; path = WZAdViewController.m; sourceTree = "<group>"; };
		F21028342062350C0039F71E /* WZAdViewController.xib */ = {isa = PBXFileReference; fileEncoding = 4; lastKnownFileType = file.xib; path = WZAdViewController.xib; sourceTree = "<group>"; };
		F21028352062350C0039F71E /* WZButton.h */ = {isa = PBXFileReference; fileEncoding = 4; lastKnownFileType = sourcecode.c.h; path = WZButton.h; sourceTree = "<group>"; };
		F21028362062350C0039F71E /* WZButton.m */ = {isa = PBXFileReference; fileEncoding = 4; lastKnownFileType = sourcecode.c.objc; path = WZButton.m; sourceTree = "<group>"; };
		F21028372062350C0039F71E /* WZCollectionReusableView.h */ = {isa = PBXFileReference; fileEncoding = 4; lastKnownFileType = sourcecode.c.h; path = WZCollectionReusableView.h; sourceTree = "<group>"; };
		F21028382062350C0039F71E /* WZCollectionReusableView.m */ = {isa = PBXFileReference; fileEncoding = 4; lastKnownFileType = sourcecode.c.objc; path = WZCollectionReusableView.m; sourceTree = "<group>"; };
		F21028392062350C0039F71E /* WZCollectionViewCell.h */ = {isa = PBXFileReference; fileEncoding = 4; lastKnownFileType = sourcecode.c.h; path = WZCollectionViewCell.h; sourceTree = "<group>"; };
		F210283A2062350C0039F71E /* WZCollectionViewCell.m */ = {isa = PBXFileReference; fileEncoding = 4; lastKnownFileType = sourcecode.c.objc; path = WZCollectionViewCell.m; sourceTree = "<group>"; };
		F210283B2062350C0039F71E /* WZEmptyView.h */ = {isa = PBXFileReference; fileEncoding = 4; lastKnownFileType = sourcecode.c.h; path = WZEmptyView.h; sourceTree = "<group>"; };
		F210283C2062350C0039F71E /* WZEmptyView.m */ = {isa = PBXFileReference; fileEncoding = 4; lastKnownFileType = sourcecode.c.objc; path = WZEmptyView.m; sourceTree = "<group>"; };
		F210283D2062350C0039F71E /* WZEmptyView.xib */ = {isa = PBXFileReference; fileEncoding = 4; lastKnownFileType = file.xib; path = WZEmptyView.xib; sourceTree = "<group>"; };
		F210283E2062350C0039F71E /* WZTableViewCell.h */ = {isa = PBXFileReference; fileEncoding = 4; lastKnownFileType = sourcecode.c.h; path = WZTableViewCell.h; sourceTree = "<group>"; };
		F210283F2062350C0039F71E /* WZTableViewCell.m */ = {isa = PBXFileReference; fileEncoding = 4; lastKnownFileType = sourcecode.c.objc; path = WZTableViewCell.m; sourceTree = "<group>"; };
		F21028402062350C0039F71E /* WZTableViewCell.xib */ = {isa = PBXFileReference; fileEncoding = 4; lastKnownFileType = file.xib; path = WZTableViewCell.xib; sourceTree = "<group>"; };
		F21028442062350D0039F71E /* WZAppSetting.h */ = {isa = PBXFileReference; fileEncoding = 4; lastKnownFileType = sourcecode.c.h; path = WZAppSetting.h; sourceTree = "<group>"; };
		F21028452062350D0039F71E /* WZAppSetting.m */ = {isa = PBXFileReference; fileEncoding = 4; lastKnownFileType = sourcecode.c.objc; path = WZAppSetting.m; sourceTree = "<group>"; };
		F21028462062350D0039F71E /* WZCellModel.h */ = {isa = PBXFileReference; fileEncoding = 4; lastKnownFileType = sourcecode.c.h; path = WZCellModel.h; sourceTree = "<group>"; };
		F21028472062350D0039F71E /* WZCellModel.m */ = {isa = PBXFileReference; fileEncoding = 4; lastKnownFileType = sourcecode.c.objc; path = WZCellModel.m; sourceTree = "<group>"; };
		F21028482062350D0039F71E /* WZCollectionReusableModel.h */ = {isa = PBXFileReference; fileEncoding = 4; lastKnownFileType = sourcecode.c.h; path = WZCollectionReusableModel.h; sourceTree = "<group>"; };
		F21028492062350D0039F71E /* WZCollectionReusableModel.m */ = {isa = PBXFileReference; fileEncoding = 4; lastKnownFileType = sourcecode.c.objc; path = WZCollectionReusableModel.m; sourceTree = "<group>"; };
		F210284A2062350D0039F71E /* WZCollectionViewModel.h */ = {isa = PBXFileReference; fileEncoding = 4; lastKnownFileType = sourcecode.c.h; path = WZCollectionViewModel.h; sourceTree = "<group>"; };
		F210284B2062350D0039F71E /* WZCollectionViewModel.m */ = {isa = PBXFileReference; fileEncoding = 4; lastKnownFileType = sourcecode.c.objc; path = WZCollectionViewModel.m; sourceTree = "<group>"; };
		F210284C2062350D0039F71E /* WZModule.h */ = {isa = PBXFileReference; fileEncoding = 4; lastKnownFileType = sourcecode.c.h; path = WZModule.h; sourceTree = "<group>"; };
		F210284D2062350D0039F71E /* WZModule.m */ = {isa = PBXFileReference; fileEncoding = 4; lastKnownFileType = sourcecode.c.objc; path = WZModule.m; sourceTree = "<group>"; };
		F210284E2062350D0039F71E /* WZNewVersionModel.h */ = {isa = PBXFileReference; fileEncoding = 4; lastKnownFileType = sourcecode.c.h; path = WZNewVersionModel.h; sourceTree = "<group>"; };
		F210284F2062350D0039F71E /* WZNewVersionModel.m */ = {isa = PBXFileReference; fileEncoding = 4; lastKnownFileType = sourcecode.c.objc; path = WZNewVersionModel.m; sourceTree = "<group>"; };
		F21028502062350D0039F71E /* WZPush.h */ = {isa = PBXFileReference; fileEncoding = 4; lastKnownFileType = sourcecode.c.h; path = WZPush.h; sourceTree = "<group>"; };
		F21028512062350D0039F71E /* WZPush.m */ = {isa = PBXFileReference; fileEncoding = 4; lastKnownFileType = sourcecode.c.objc; path = WZPush.m; sourceTree = "<group>"; };
		F21028522062350D0039F71E /* WZRequest.h */ = {isa = PBXFileReference; fileEncoding = 4; lastKnownFileType = sourcecode.c.h; path = WZRequest.h; sourceTree = "<group>"; };
		F21028532062350D0039F71E /* WZRequest.m */ = {isa = PBXFileReference; fileEncoding = 4; lastKnownFileType = sourcecode.c.objc; path = WZRequest.m; sourceTree = "<group>"; };
		F21028542062350D0039F71E /* WZRequestModel.h */ = {isa = PBXFileReference; fileEncoding = 4; lastKnownFileType = sourcecode.c.h; path = WZRequestModel.h; sourceTree = "<group>"; };
		F21028552062350D0039F71E /* WZRequestModel.m */ = {isa = PBXFileReference; fileEncoding = 4; lastKnownFileType = sourcecode.c.objc; path = WZRequestModel.m; sourceTree = "<group>"; };
		F21028562062350D0039F71E /* WZResponse.h */ = {isa = PBXFileReference; fileEncoding = 4; lastKnownFileType = sourcecode.c.h; path = WZResponse.h; sourceTree = "<group>"; };
		F21028572062350D0039F71E /* WZResponse.m */ = {isa = PBXFileReference; fileEncoding = 4; lastKnownFileType = sourcecode.c.objc; path = WZResponse.m; sourceTree = "<group>"; };
		F21028592062350D0039F71E /* JLRoutes+YM.h */ = {isa = PBXFileReference; fileEncoding = 4; lastKnownFileType = sourcecode.c.h; path = "JLRoutes+YM.h"; sourceTree = "<group>"; };
		F210285A2062350D0039F71E /* JLRoutes+YM.m */ = {isa = PBXFileReference; fileEncoding = 4; lastKnownFileType = sourcecode.c.objc; path = "JLRoutes+YM.m"; sourceTree = "<group>"; };
		F210285B2062350D0039F71E /* NSDate+WZDate.h */ = {isa = PBXFileReference; fileEncoding = 4; lastKnownFileType = sourcecode.c.h; path = "NSDate+WZDate.h"; sourceTree = "<group>"; };
		F210285C2062350D0039F71E /* NSDate+WZDate.m */ = {isa = PBXFileReference; fileEncoding = 4; lastKnownFileType = sourcecode.c.objc; path = "NSDate+WZDate.m"; sourceTree = "<group>"; };
		F210285D2062350D0039F71E /* NSString+Hash.h */ = {isa = PBXFileReference; fileEncoding = 4; lastKnownFileType = sourcecode.c.h; path = "NSString+Hash.h"; sourceTree = "<group>"; };
		F210285E2062350D0039F71E /* NSString+Hash.m */ = {isa = PBXFileReference; fileEncoding = 4; lastKnownFileType = sourcecode.c.objc; path = "NSString+Hash.m"; sourceTree = "<group>"; };
		F210285F2062350D0039F71E /* NSString+WZFormat.h */ = {isa = PBXFileReference; fileEncoding = 4; lastKnownFileType = sourcecode.c.h; path = "NSString+WZFormat.h"; sourceTree = "<group>"; };
		F21028602062350D0039F71E /* NSString+WZFormat.m */ = {isa = PBXFileReference; fileEncoding = 4; lastKnownFileType = sourcecode.c.objc; path = "NSString+WZFormat.m"; sourceTree = "<group>"; };
		F21028612062350D0039F71E /* NSString+WZString.h */ = {isa = PBXFileReference; fileEncoding = 4; lastKnownFileType = sourcecode.c.h; path = "NSString+WZString.h"; sourceTree = "<group>"; };
		F21028622062350D0039F71E /* NSString+WZString.m */ = {isa = PBXFileReference; fileEncoding = 4; lastKnownFileType = sourcecode.c.objc; path = "NSString+WZString.m"; sourceTree = "<group>"; };
		F21028632062350D0039F71E /* PINCache+YMCache.h */ = {isa = PBXFileReference; fileEncoding = 4; lastKnownFileType = sourcecode.c.h; path = "PINCache+YMCache.h"; sourceTree = "<group>"; };
		F21028642062350D0039F71E /* PINCache+YMCache.m */ = {isa = PBXFileReference; fileEncoding = 4; lastKnownFileType = sourcecode.c.objc; path = "PINCache+YMCache.m"; sourceTree = "<group>"; };
		F21028652062350D0039F71E /* UIButton+WZButton.h */ = {isa = PBXFileReference; fileEncoding = 4; lastKnownFileType = sourcecode.c.h; path = "UIButton+WZButton.h"; sourceTree = "<group>"; };
		F21028662062350D0039F71E /* UIButton+WZButton.m */ = {isa = PBXFileReference; fileEncoding = 4; lastKnownFileType = sourcecode.c.objc; path = "UIButton+WZButton.m"; sourceTree = "<group>"; };
		F21028672062350D0039F71E /* UIView+WZXibView.h */ = {isa = PBXFileReference; fileEncoding = 4; lastKnownFileType = sourcecode.c.h; path = "UIView+WZXibView.h"; sourceTree = "<group>"; };
		F21028682062350D0039F71E /* UIView+WZXibView.m */ = {isa = PBXFileReference; fileEncoding = 4; lastKnownFileType = sourcecode.c.objc; path = "UIView+WZXibView.m"; sourceTree = "<group>"; };
		F210287B2062350D0039F71E /* CCBridgeModule.h */ = {isa = PBXFileReference; fileEncoding = 4; lastKnownFileType = sourcecode.c.h; path = CCBridgeModule.h; sourceTree = "<group>"; };
		F210287C2062350D0039F71E /* CCBridgeModule.m */ = {isa = PBXFileReference; fileEncoding = 4; lastKnownFileType = sourcecode.c.objc; path = CCBridgeModule.m; sourceTree = "<group>"; };
		F210287D2062350D0039F71E /* CCWXShare.h */ = {isa = PBXFileReference; fileEncoding = 4; lastKnownFileType = sourcecode.c.h; path = CCWXShare.h; sourceTree = "<group>"; };
		F210287E2062350D0039F71E /* CCWXShare.m */ = {isa = PBXFileReference; fileEncoding = 4; lastKnownFileType = sourcecode.c.objc; path = CCWXShare.m; sourceTree = "<group>"; };
		F210287F2062350D0039F71E /* SASharePanel.h */ = {isa = PBXFileReference; fileEncoding = 4; lastKnownFileType = sourcecode.c.h; path = SASharePanel.h; sourceTree = "<group>"; };
		F21028802062350D0039F71E /* SASharePanel.m */ = {isa = PBXFileReference; fileEncoding = 4; lastKnownFileType = sourcecode.c.objc; path = SASharePanel.m; sourceTree = "<group>"; };
		F21028812062350D0039F71E /* SASharePanel.xib */ = {isa = PBXFileReference; fileEncoding = 4; lastKnownFileType = file.xib; path = SASharePanel.xib; sourceTree = "<group>"; };
		F21028822062350D0039F71E /* SBDatePickerView.h */ = {isa = PBXFileReference; fileEncoding = 4; lastKnownFileType = sourcecode.c.h; path = SBDatePickerView.h; sourceTree = "<group>"; };
		F21028832062350D0039F71E /* SBDatePickerView.m */ = {isa = PBXFileReference; fileEncoding = 4; lastKnownFileType = sourcecode.c.objc; path = SBDatePickerView.m; sourceTree = "<group>"; };
		F21028862062350D0039F71E /* WZShare.h */ = {isa = PBXFileReference; fileEncoding = 4; lastKnownFileType = sourcecode.c.h; path = WZShare.h; sourceTree = "<group>"; };
		F21028872062350D0039F71E /* WZShare.m */ = {isa = PBXFileReference; fileEncoding = 4; lastKnownFileType = sourcecode.c.objc; path = WZShare.m; sourceTree = "<group>"; };
		F21028882062350D0039F71E /* YHLTextFieldPhone.h */ = {isa = PBXFileReference; fileEncoding = 4; lastKnownFileType = sourcecode.c.h; path = YHLTextFieldPhone.h; sourceTree = "<group>"; };
		F21028892062350D0039F71E /* YHLTextFieldPhone.m */ = {isa = PBXFileReference; fileEncoding = 4; lastKnownFileType = sourcecode.c.objc; path = YHLTextFieldPhone.m; sourceTree = "<group>"; };
		F21028B32062403E0039F71E /* DGListViewController.h */ = {isa = PBXFileReference; lastKnownFileType = sourcecode.c.h; path = DGListViewController.h; sourceTree = "<group>"; };
		F21028B42062403E0039F71E /* DGListViewController.m */ = {isa = PBXFileReference; lastKnownFileType = sourcecode.c.objc; path = DGListViewController.m; sourceTree = "<group>"; };
		F21028B62062412E0039F71E /* WZUrl.h */ = {isa = PBXFileReference; fileEncoding = 4; lastKnownFileType = sourcecode.c.h; path = WZUrl.h; sourceTree = "<group>"; };
		F21028B7206244780039F71E /* DGListModel.h */ = {isa = PBXFileReference; lastKnownFileType = sourcecode.c.h; path = DGListModel.h; sourceTree = "<group>"; };
		F21028B8206244780039F71E /* DGListModel.m */ = {isa = PBXFileReference; lastKnownFileType = sourcecode.c.objc; path = DGListModel.m; sourceTree = "<group>"; };
		F21028BA2062448F0039F71E /* DGHomeListTableViewCell.h */ = {isa = PBXFileReference; lastKnownFileType = sourcecode.c.h; path = DGHomeListTableViewCell.h; sourceTree = "<group>"; };
		F21028BB2062448F0039F71E /* DGHomeListTableViewCell.m */ = {isa = PBXFileReference; lastKnownFileType = sourcecode.c.objc; path = DGHomeListTableViewCell.m; sourceTree = "<group>"; };
		F21028BC2062448F0039F71E /* DGHomeListTableViewCell.xib */ = {isa = PBXFileReference; lastKnownFileType = file.xib; path = DGHomeListTableViewCell.xib; sourceTree = "<group>"; };
		F21028CF206268370039F71E /* DG99BaoyouViewController.h */ = {isa = PBXFileReference; lastKnownFileType = sourcecode.c.h; path = DG99BaoyouViewController.h; sourceTree = "<group>"; };
		F21028D0206268370039F71E /* DG99BaoyouViewController.m */ = {isa = PBXFileReference; lastKnownFileType = sourcecode.c.objc; path = DG99BaoyouViewController.m; sourceTree = "<group>"; };
		F21028D220626E700039F71E /* DGSpecialViewController.h */ = {isa = PBXFileReference; lastKnownFileType = sourcecode.c.h; path = DGSpecialViewController.h; sourceTree = "<group>"; };
		F21028D320626E700039F71E /* DGSpecialViewController.m */ = {isa = PBXFileReference; lastKnownFileType = sourcecode.c.objc; path = DGSpecialViewController.m; sourceTree = "<group>"; };
		F21028D520626ED40039F71E /* DGCarViewController.h */ = {isa = PBXFileReference; lastKnownFileType = sourcecode.c.h; path = DGCarViewController.h; sourceTree = "<group>"; };
		F21028D620626ED40039F71E /* DGCarViewController.m */ = {isa = PBXFileReference; lastKnownFileType = sourcecode.c.objc; path = DGCarViewController.m; sourceTree = "<group>"; };
		F21028D820626FA70039F71E /* DGMyViewController.h */ = {isa = PBXFileReference; lastKnownFileType = sourcecode.c.h; path = DGMyViewController.h; sourceTree = "<group>"; };
		F21028D920626FA70039F71E /* DGMyViewController.m */ = {isa = PBXFileReference; lastKnownFileType = sourcecode.c.objc; path = DGMyViewController.m; sourceTree = "<group>"; };
		F21028DA20626FA70039F71E /* DGMyViewController.xib */ = {isa = PBXFileReference; lastKnownFileType = file.xib; path = DGMyViewController.xib; sourceTree = "<group>"; };
		F21028DD206274210039F71E /* DGBaoyouViewController.h */ = {isa = PBXFileReference; lastKnownFileType = sourcecode.c.h; path = DGBaoyouViewController.h; sourceTree = "<group>"; };
		F21028DE206274210039F71E /* DGBaoyouViewController.m */ = {isa = PBXFileReference; lastKnownFileType = sourcecode.c.objc; path = DGBaoyouViewController.m; sourceTree = "<group>"; };
		F21028E0206276FC0039F71E /* DGSpecialListViewController.h */ = {isa = PBXFileReference; lastKnownFileType = sourcecode.c.h; path = DGSpecialListViewController.h; sourceTree = "<group>"; };
		F21028E1206276FC0039F71E /* DGSpecialListViewController.m */ = {isa = PBXFileReference; lastKnownFileType = sourcecode.c.objc; path = DGSpecialListViewController.m; sourceTree = "<group>"; };
		F21028E320627C270039F71E /* CCSearchHeaderButtonView.h */ = {isa = PBXFileReference; fileEncoding = 4; lastKnownFileType = sourcecode.c.h; path = CCSearchHeaderButtonView.h; sourceTree = "<group>"; };
		F21028E420627C270039F71E /* CCSearchHeaderButtonView.m */ = {isa = PBXFileReference; fileEncoding = 4; lastKnownFileType = sourcecode.c.objc; path = CCSearchHeaderButtonView.m; sourceTree = "<group>"; };
		F21028E520627C270039F71E /* CCSearchHeaderButtonView.xib */ = {isa = PBXFileReference; fileEncoding = 4; lastKnownFileType = file.xib; path = CCSearchHeaderButtonView.xib; sourceTree = "<group>"; };
		F21028E82063AAAB0039F71E /* DGGlobalConfig.h */ = {isa = PBXFileReference; lastKnownFileType = sourcecode.c.h; path = DGGlobalConfig.h; sourceTree = "<group>"; };
		F21028E92063AAAB0039F71E /* DGGlobalConfig.m */ = {isa = PBXFileReference; lastKnownFileType = sourcecode.c.objc; path = DGGlobalConfig.m; sourceTree = "<group>"; };
		F224E97220594AF000C92206 /* MyAlertView.m */ = {isa = PBXFileReference; fileEncoding = 4; lastKnownFileType = sourcecode.c.objc; path = MyAlertView.m; sourceTree = "<group>"; };
		F224E97320594AF000C92206 /* MyAlertView.h */ = {isa = PBXFileReference; fileEncoding = 4; lastKnownFileType = sourcecode.c.h; path = MyAlertView.h; sourceTree = "<group>"; };
		F224E97520594B8E00C92206 /* yw_1222.jpg */ = {isa = PBXFileReference; lastKnownFileType = image.jpeg; path = yw_1222.jpg; sourceTree = "<group>"; };
		F224E9772059519900C92206 /* ALiTradeSDKShareParam.m */ = {isa = PBXFileReference; fileEncoding = 4; lastKnownFileType = sourcecode.c.objc; path = ALiTradeSDKShareParam.m; sourceTree = "<group>"; };
		F224E9782059519A00C92206 /* ALiTradeSDKShareParam.h */ = {isa = PBXFileReference; fileEncoding = 4; lastKnownFileType = sourcecode.c.h; path = ALiTradeSDKShareParam.h; sourceTree = "<group>"; };
		F224E97A205951E500C92206 /* ALiTradeWebViewController.h */ = {isa = PBXFileReference; fileEncoding = 4; lastKnownFileType = sourcecode.c.h; path = ALiTradeWebViewController.h; sourceTree = "<group>"; };
		F224E97B205951E500C92206 /* ALiTradeWebViewController.m */ = {isa = PBXFileReference; fileEncoding = 4; lastKnownFileType = sourcecode.c.objc; path = ALiTradeWebViewController.m; sourceTree = "<group>"; };
/* End PBXFileReference section */

/* Begin PBXFrameworksBuildPhase section */
		6003F587195388D20070C39A /* Frameworks */ = {
			isa = PBXFrameworksBuildPhase;
			buildActionMask = 2147483647;
			files = (
				6003F590195388D20070C39A /* CoreGraphics.framework in Frameworks */,
				6003F592195388D20070C39A /* UIKit.framework in Frameworks */,
				6003F58E195388D20070C39A /* Foundation.framework in Frameworks */,
				C00332DECF8EC4482B3763F2 /* libPods-dg_Example.a in Frameworks */,
			);
			runOnlyForDeploymentPostprocessing = 0;
		};
		6003F5AB195388D20070C39A /* Frameworks */ = {
			isa = PBXFrameworksBuildPhase;
			buildActionMask = 2147483647;
			files = (
				6003F5B0195388D20070C39A /* XCTest.framework in Frameworks */,
				6003F5B2195388D20070C39A /* UIKit.framework in Frameworks */,
				6003F5B1195388D20070C39A /* Foundation.framework in Frameworks */,
			);
			runOnlyForDeploymentPostprocessing = 0;
		};
/* End PBXFrameworksBuildPhase section */

/* Begin PBXGroup section */
		1B15E1BD7CEC35096DDA272B /* Pods */ = {
			isa = PBXGroup;
			children = (
				D3DE213528D4B94EFA42D012 /* Pods-dg_Example.debug.xcconfig */,
				171F5A568A50C9D0612F36A2 /* Pods-dg_Example.release.xcconfig */,
			);
			name = Pods;
			sourceTree = "<group>";
		};
		6003F581195388D10070C39A = {
			isa = PBXGroup;
			children = (
				60FF7A9C1954A5C5007DD14C /* Podspec Metadata */,
				6003F593195388D20070C39A /* Example for dg */,
				6003F5B5195388D20070C39A /* Tests */,
				6003F58C195388D20070C39A /* Frameworks */,
				6003F58B195388D20070C39A /* Products */,
				1B15E1BD7CEC35096DDA272B /* Pods */,
			);
			sourceTree = "<group>";
		};
		6003F58B195388D20070C39A /* Products */ = {
			isa = PBXGroup;
			children = (
				6003F58A195388D20070C39A /* dg_Example.app */,
				6003F5AE195388D20070C39A /* dg_Tests.xctest */,
			);
			name = Products;
			sourceTree = "<group>";
		};
		6003F58C195388D20070C39A /* Frameworks */ = {
			isa = PBXGroup;
			children = (
				6003F58D195388D20070C39A /* Foundation.framework */,
				6003F58F195388D20070C39A /* CoreGraphics.framework */,
				6003F591195388D20070C39A /* UIKit.framework */,
				6003F5AF195388D20070C39A /* XCTest.framework */,
				B73EAB59F9BED06478310E87 /* Pods_dg_Tests.framework */,
				664BD5412FEEB63985A64284 /* libPods-dg_Example.a */,
			);
			name = Frameworks;
			sourceTree = "<group>";
		};
		6003F593195388D20070C39A /* Example for dg */ = {
			isa = PBXGroup;
			children = (
				F21028CB206260830039F71E /* special */,
				F21028C7206260790039F71E /* my */,
				F21028C32062606E0039F71E /* car */,
				F21028BF206260670039F71E /* baoyou */,
				F210281320622F110039F71E /* common */,
				F210280F20622EF20039F71E /* home */,
				F21028B62062412E0039F71E /* WZUrl.h */,
				F224E97A205951E500C92206 /* ALiTradeWebViewController.h */,
				F224E97B205951E500C92206 /* ALiTradeWebViewController.m */,
				F224E9782059519A00C92206 /* ALiTradeSDKShareParam.h */,
				F224E9772059519900C92206 /* ALiTradeSDKShareParam.m */,
				F224E97520594B8E00C92206 /* yw_1222.jpg */,
				F224E97320594AF000C92206 /* MyAlertView.h */,
				F224E97220594AF000C92206 /* MyAlertView.m */,
				6003F59C195388D20070C39A /* DGAppDelegate.h */,
				6003F59D195388D20070C39A /* DGAppDelegate.m */,
				873B8AEA1B1F5CCA007FD442 /* Main.storyboard */,
				6003F5A5195388D20070C39A /* DGViewController.h */,
				6003F5A6195388D20070C39A /* DGViewController.m */,
				71719F9D1E33DC2100824A3D /* LaunchScreen.storyboard */,
				6003F5A8195388D20070C39A /* Images.xcassets */,
				6003F594195388D20070C39A /* Supporting Files */,
			);
			name = "Example for dg";
			path = dg;
			sourceTree = "<group>";
		};
		6003F594195388D20070C39A /* Supporting Files */ = {
			isa = PBXGroup;
			children = (
				6003F595195388D20070C39A /* dg-Info.plist */,
				6003F596195388D20070C39A /* InfoPlist.strings */,
				6003F599195388D20070C39A /* main.m */,
				6003F59B195388D20070C39A /* dg-Prefix.pch */,
			);
			name = "Supporting Files";
			sourceTree = "<group>";
		};
		6003F5B5195388D20070C39A /* Tests */ = {
			isa = PBXGroup;
			children = (
				6003F5BB195388D20070C39A /* Tests.m */,
				6003F5B6195388D20070C39A /* Supporting Files */,
			);
			path = Tests;
			sourceTree = "<group>";
		};
		6003F5B6195388D20070C39A /* Supporting Files */ = {
			isa = PBXGroup;
			children = (
				6003F5B7195388D20070C39A /* Tests-Info.plist */,
				6003F5B8195388D20070C39A /* InfoPlist.strings */,
				606FC2411953D9B200FFA9A0 /* Tests-Prefix.pch */,
			);
			name = "Supporting Files";
			sourceTree = "<group>";
		};
		60FF7A9C1954A5C5007DD14C /* Podspec Metadata */ = {
			isa = PBXGroup;
			children = (
				EA1F541CB8080536023B82CF /* dg.podspec */,
				E7F49EFD1D36D74C5881EA99 /* README.md */,
				1274A36279081C58021B21E7 /* LICENSE */,
			);
			name = "Podspec Metadata";
			sourceTree = "<group>";
		};
		F210280F20622EF20039F71E /* home */ = {
			isa = PBXGroup;
			children = (
				F210281020622EF20039F71E /* model */,
				F210281120622EF20039F71E /* vc */,
				F210281220622EF20039F71E /* view */,
			);
			path = home;
			sourceTree = "<group>";
		};
		F210281020622EF20039F71E /* model */ = {
			isa = PBXGroup;
			children = (
				F21028B7206244780039F71E /* DGListModel.h */,
				F21028B8206244780039F71E /* DGListModel.m */,
			);
			path = model;
			sourceTree = "<group>";
		};
		F210281120622EF20039F71E /* vc */ = {
			isa = PBXGroup;
			children = (
				F210282C2062336B0039F71E /* DGHomeViewController.h */,
				F210282D2062336B0039F71E /* DGHomeViewController.m */,
				F21028B32062403E0039F71E /* DGListViewController.h */,
				F21028B42062403E0039F71E /* DGListViewController.m */,
			);
			path = vc;
			sourceTree = "<group>";
		};
		F210281220622EF20039F71E /* view */ = {
			isa = PBXGroup;
			children = (
				F21028BA2062448F0039F71E /* DGHomeListTableViewCell.h */,
				F21028BB2062448F0039F71E /* DGHomeListTableViewCell.m */,
				F21028BC2062448F0039F71E /* DGHomeListTableViewCell.xib */,
			);
			path = view;
			sourceTree = "<group>";
		};
		F210281320622F110039F71E /* common */ = {
			isa = PBXGroup;
			children = (
				F21028432062350D0039F71E /* BaseModel */,
				F210282F2062350C0039F71E /* BaseView */,
				F21028582062350D0039F71E /* Category */,
				F210287A2062350D0039F71E /* Component */,
				F21028692062350D0039F71E /* Lib */,
				F210281420622F110039F71E /* model */,
				F210281520622F110039F71E /* vc */,
				F210281620622F110039F71E /* view */,
			);
			path = common;
			sourceTree = "<group>";
		};
		F210281420622F110039F71E /* model */ = {
			isa = PBXGroup;
			children = (
				F21028E82063AAAB0039F71E /* DGGlobalConfig.h */,
				F21028E92063AAAB0039F71E /* DGGlobalConfig.m */,
			);
			path = model;
			sourceTree = "<group>";
		};
		F210281520622F110039F71E /* vc */ = {
			isa = PBXGroup;
			children = (
				F210281720622F6B0039F71E /* WZCollectionViewController.h */,
				F210281F20622F6B0039F71E /* WZCollectionViewController.m */,
				F210281820622F6B0039F71E /* WZNavigationController.h */,
				F210282220622F6B0039F71E /* WZNavigationController.m */,
				F210281920622F6B0039F71E /* WZTabBarController.h */,
				F210281D20622F6B0039F71E /* WZTabBarController.m */,
				F210281A20622F6B0039F71E /* WZTableViewController.h */,
				F210282120622F6B0039F71E /* WZTableViewController.m */,
				F210282020622F6B0039F71E /* WZViewController.h */,
				F210281B20622F6B0039F71E /* WZViewController.m */,
				F210281E20622F6B0039F71E /* WZWebViewController.h */,
				F210281C20622F6B0039F71E /* WZWebViewController.m */,
			);
			path = vc;
			sourceTree = "<group>";
		};
		F210281620622F110039F71E /* view */ = {
			isa = PBXGroup;
			children = (
				F21028E320627C270039F71E /* CCSearchHeaderButtonView.h */,
				F21028E420627C270039F71E /* CCSearchHeaderButtonView.m */,
				F21028E520627C270039F71E /* CCSearchHeaderButtonView.xib */,
				F210282920622F730039F71E /* WZWindow.h */,
				F210282A20622F730039F71E /* WZWindow.m */,
			);
			path = view;
			sourceTree = "<group>";
		};
		F210282F2062350C0039F71E /* BaseView */ = {
			isa = PBXGroup;
			children = (
				F21028302062350C0039F71E /* SBUploadImageView.h */,
				F21028312062350C0039F71E /* SBUploadImageView.m */,
				F21028322062350C0039F71E /* WZAdViewController.h */,
				F21028332062350C0039F71E /* WZAdViewController.m */,
				F21028342062350C0039F71E /* WZAdViewController.xib */,
				F21028352062350C0039F71E /* WZButton.h */,
				F21028362062350C0039F71E /* WZButton.m */,
				F21028372062350C0039F71E /* WZCollectionReusableView.h */,
				F21028382062350C0039F71E /* WZCollectionReusableView.m */,
				F21028392062350C0039F71E /* WZCollectionViewCell.h */,
				F210283A2062350C0039F71E /* WZCollectionViewCell.m */,
				F210283B2062350C0039F71E /* WZEmptyView.h */,
				F210283C2062350C0039F71E /* WZEmptyView.m */,
				F210283D2062350C0039F71E /* WZEmptyView.xib */,
				F210283E2062350C0039F71E /* WZTableViewCell.h */,
				F210283F2062350C0039F71E /* WZTableViewCell.m */,
				F21028402062350C0039F71E /* WZTableViewCell.xib */,
			);
			path = BaseView;
			sourceTree = "<group>";
		};
		F21028432062350D0039F71E /* BaseModel */ = {
			isa = PBXGroup;
			children = (
				F21028442062350D0039F71E /* WZAppSetting.h */,
				F21028452062350D0039F71E /* WZAppSetting.m */,
				F21028462062350D0039F71E /* WZCellModel.h */,
				F21028472062350D0039F71E /* WZCellModel.m */,
				F21028482062350D0039F71E /* WZCollectionReusableModel.h */,
				F21028492062350D0039F71E /* WZCollectionReusableModel.m */,
				F210284A2062350D0039F71E /* WZCollectionViewModel.h */,
				F210284B2062350D0039F71E /* WZCollectionViewModel.m */,
				F210284C2062350D0039F71E /* WZModule.h */,
				F210284D2062350D0039F71E /* WZModule.m */,
				F210284E2062350D0039F71E /* WZNewVersionModel.h */,
				F210284F2062350D0039F71E /* WZNewVersionModel.m */,
				F21028502062350D0039F71E /* WZPush.h */,
				F21028512062350D0039F71E /* WZPush.m */,
				F21028522062350D0039F71E /* WZRequest.h */,
				F21028532062350D0039F71E /* WZRequest.m */,
				F21028542062350D0039F71E /* WZRequestModel.h */,
				F21028552062350D0039F71E /* WZRequestModel.m */,
				F21028562062350D0039F71E /* WZResponse.h */,
				F21028572062350D0039F71E /* WZResponse.m */,
			);
			path = BaseModel;
			sourceTree = "<group>";
		};
		F21028582062350D0039F71E /* Category */ = {
			isa = PBXGroup;
			children = (
				F21028592062350D0039F71E /* JLRoutes+YM.h */,
				F210285A2062350D0039F71E /* JLRoutes+YM.m */,
				F210285B2062350D0039F71E /* NSDate+WZDate.h */,
				F210285C2062350D0039F71E /* NSDate+WZDate.m */,
				F210285D2062350D0039F71E /* NSString+Hash.h */,
				F210285E2062350D0039F71E /* NSString+Hash.m */,
				F210285F2062350D0039F71E /* NSString+WZFormat.h */,
				F21028602062350D0039F71E /* NSString+WZFormat.m */,
				F21028612062350D0039F71E /* NSString+WZString.h */,
				F21028622062350D0039F71E /* NSString+WZString.m */,
				F21028632062350D0039F71E /* PINCache+YMCache.h */,
				F21028642062350D0039F71E /* PINCache+YMCache.m */,
				F21028652062350D0039F71E /* UIButton+WZButton.h */,
				F21028662062350D0039F71E /* UIButton+WZButton.m */,
				F21028672062350D0039F71E /* UIView+WZXibView.h */,
				F21028682062350D0039F71E /* UIView+WZXibView.m */,
			);
			path = Category;
			sourceTree = "<group>";
		};
		F21028692062350D0039F71E /* Lib */ = {
			isa = PBXGroup;
			children = (
			);
			path = Lib;
			sourceTree = "<group>";
		};
		F210287A2062350D0039F71E /* Component */ = {
			isa = PBXGroup;
			children = (
				F210287B2062350D0039F71E /* CCBridgeModule.h */,
				F210287C2062350D0039F71E /* CCBridgeModule.m */,
				F210287D2062350D0039F71E /* CCWXShare.h */,
				F210287E2062350D0039F71E /* CCWXShare.m */,
				F210287F2062350D0039F71E /* SASharePanel.h */,
				F21028802062350D0039F71E /* SASharePanel.m */,
				F21028812062350D0039F71E /* SASharePanel.xib */,
				F21028822062350D0039F71E /* SBDatePickerView.h */,
				F21028832062350D0039F71E /* SBDatePickerView.m */,
				F21028862062350D0039F71E /* WZShare.h */,
				F21028872062350D0039F71E /* WZShare.m */,
				F21028882062350D0039F71E /* YHLTextFieldPhone.h */,
				F21028892062350D0039F71E /* YHLTextFieldPhone.m */,
			);
			path = Component;
			sourceTree = "<group>";
		};
		F21028BF206260670039F71E /* baoyou */ = {
			isa = PBXGroup;
			children = (
				F21028C0206260670039F71E /* model */,
				F21028C1206260670039F71E /* vc */,
				F21028C2206260670039F71E /* view */,
			);
			path = baoyou;
			sourceTree = "<group>";
		};
		F21028C0206260670039F71E /* model */ = {
			isa = PBXGroup;
			children = (
			);
			path = model;
			sourceTree = "<group>";
		};
		F21028C1206260670039F71E /* vc */ = {
			isa = PBXGroup;
			children = (
				F21028CF206268370039F71E /* DG99BaoyouViewController.h */,
				F21028D0206268370039F71E /* DG99BaoyouViewController.m */,
				F21028DD206274210039F71E /* DGBaoyouViewController.h */,
				F21028DE206274210039F71E /* DGBaoyouViewController.m */,
			);
			path = vc;
			sourceTree = "<group>";
		};
		F21028C2206260670039F71E /* view */ = {
			isa = PBXGroup;
			children = (
			);
			path = view;
			sourceTree = "<group>";
		};
		F21028C32062606E0039F71E /* car */ = {
			isa = PBXGroup;
			children = (
				F21028C42062606E0039F71E /* model */,
				F21028C52062606E0039F71E /* vc */,
				F21028C62062606E0039F71E /* view */,
			);
			path = car;
			sourceTree = "<group>";
		};
		F21028C42062606E0039F71E /* model */ = {
			isa = PBXGroup;
			children = (
			);
			path = model;
			sourceTree = "<group>";
		};
		F21028C52062606E0039F71E /* vc */ = {
			isa = PBXGroup;
			children = (
				F21028D520626ED40039F71E /* DGCarViewController.h */,
				F21028D620626ED40039F71E /* DGCarViewController.m */,
			);
			path = vc;
			sourceTree = "<group>";
		};
		F21028C62062606E0039F71E /* view */ = {
			isa = PBXGroup;
			children = (
			);
			path = view;
			sourceTree = "<group>";
		};
		F21028C7206260790039F71E /* my */ = {
			isa = PBXGroup;
			children = (
				F21028C8206260790039F71E /* model */,
				F21028C9206260790039F71E /* vc */,
				F21028CA206260790039F71E /* view */,
			);
			path = my;
			sourceTree = "<group>";
		};
		F21028C8206260790039F71E /* model */ = {
			isa = PBXGroup;
			children = (
			);
			path = model;
			sourceTree = "<group>";
		};
		F21028C9206260790039F71E /* vc */ = {
			isa = PBXGroup;
			children = (
				F21028D820626FA70039F71E /* DGMyViewController.h */,
				F21028D920626FA70039F71E /* DGMyViewController.m */,
				F21028DA20626FA70039F71E /* DGMyViewController.xib */,
			);
			path = vc;
			sourceTree = "<group>";
		};
		F21028CA206260790039F71E /* view */ = {
			isa = PBXGroup;
			children = (
			);
			path = view;
			sourceTree = "<group>";
		};
		F21028CB206260830039F71E /* special */ = {
			isa = PBXGroup;
			children = (
				F21028CC206260830039F71E /* model */,
				F21028CD206260830039F71E /* vc */,
				F21028CE206260830039F71E /* view */,
			);
			path = special;
			sourceTree = "<group>";
		};
		F21028CC206260830039F71E /* model */ = {
			isa = PBXGroup;
			children = (
			);
			path = model;
			sourceTree = "<group>";
		};
		F21028CD206260830039F71E /* vc */ = {
			isa = PBXGroup;
			children = (
				F21028D220626E700039F71E /* DGSpecialViewController.h */,
				F21028D320626E700039F71E /* DGSpecialViewController.m */,
				F21028E0206276FC0039F71E /* DGSpecialListViewController.h */,
				F21028E1206276FC0039F71E /* DGSpecialListViewController.m */,
			);
			path = vc;
			sourceTree = "<group>";
		};
		F21028CE206260830039F71E /* view */ = {
			isa = PBXGroup;
			children = (
			);
			path = view;
			sourceTree = "<group>";
		};
/* End PBXGroup section */

/* Begin PBXNativeTarget section */
		6003F589195388D20070C39A /* dg_Example */ = {
			isa = PBXNativeTarget;
			buildConfigurationList = 6003F5BF195388D20070C39A /* Build configuration list for PBXNativeTarget "dg_Example" */;
			buildPhases = (
				8E3ACFFDD8F84E1B777BB541 /* [CP] Check Pods Manifest.lock */,
				6003F586195388D20070C39A /* Sources */,
				6003F587195388D20070C39A /* Frameworks */,
				6003F588195388D20070C39A /* Resources */,
				761D33534A313836122BF1CE /* [CP] Embed Pods Frameworks */,
				0860BC838700F5942E7EBF7E /* [CP] Copy Pods Resources */,
			);
			buildRules = (
			);
			dependencies = (
			);
			name = dg_Example;
			productName = dg;
			productReference = 6003F58A195388D20070C39A /* dg_Example.app */;
			productType = "com.apple.product-type.application";
		};
		6003F5AD195388D20070C39A /* dg_Tests */ = {
			isa = PBXNativeTarget;
			buildConfigurationList = 6003F5C2195388D20070C39A /* Build configuration list for PBXNativeTarget "dg_Tests" */;
			buildPhases = (
				6003F5AA195388D20070C39A /* Sources */,
				6003F5AB195388D20070C39A /* Frameworks */,
				6003F5AC195388D20070C39A /* Resources */,
			);
			buildRules = (
			);
			dependencies = (
				6003F5B4195388D20070C39A /* PBXTargetDependency */,
			);
			name = dg_Tests;
			productName = dgTests;
			productReference = 6003F5AE195388D20070C39A /* dg_Tests.xctest */;
			productType = "com.apple.product-type.bundle.unit-test";
		};
/* End PBXNativeTarget section */

/* Begin PBXProject section */
		6003F582195388D10070C39A /* Project object */ = {
			isa = PBXProject;
			attributes = {
				CLASSPREFIX = DG;
				LastUpgradeCheck = 0720;
				ORGANIZATIONNAME = "272789124@qq.com";
				TargetAttributes = {
					6003F589195388D20070C39A = {
						DevelopmentTeam = YZ264KY5WM;
						ProvisioningStyle = Automatic;
					};
					6003F5AD195388D20070C39A = {
						TestTargetID = 6003F589195388D20070C39A;
					};
				};
			};
			buildConfigurationList = 6003F585195388D10070C39A /* Build configuration list for PBXProject "dg" */;
			compatibilityVersion = "Xcode 3.2";
			developmentRegion = English;
			hasScannedForEncodings = 0;
			knownRegions = (
				en,
				Base,
			);
			mainGroup = 6003F581195388D10070C39A;
			productRefGroup = 6003F58B195388D20070C39A /* Products */;
			projectDirPath = "";
			projectRoot = "";
			targets = (
				6003F589195388D20070C39A /* dg_Example */,
				6003F5AD195388D20070C39A /* dg_Tests */,
			);
		};
/* End PBXProject section */

/* Begin PBXResourcesBuildPhase section */
		6003F588195388D20070C39A /* Resources */ = {
			isa = PBXResourcesBuildPhase;
			buildActionMask = 2147483647;
			files = (
				F21028AE2062350D0039F71E /* SASharePanel.xib in Resources */,
				F21028932062350D0039F71E /* WZTableViewCell.xib in Resources */,
				F21028912062350D0039F71E /* WZEmptyView.xib in Resources */,
				F21028DC20626FA70039F71E /* DGMyViewController.xib in Resources */,
				F21028BE2062448F0039F71E /* DGHomeListTableViewCell.xib in Resources */,
				F21028E720627C270039F71E /* CCSearchHeaderButtonView.xib in Resources */,
				873B8AEB1B1F5CCA007FD442 /* Main.storyboard in Resources */,
				71719F9F1E33DC2100824A3D /* LaunchScreen.storyboard in Resources */,
				F210288C2062350D0039F71E /* WZAdViewController.xib in Resources */,
				F224E97620594B8E00C92206 /* yw_1222.jpg in Resources */,
				6003F5A9195388D20070C39A /* Images.xcassets in Resources */,
				6003F598195388D20070C39A /* InfoPlist.strings in Resources */,
			);
			runOnlyForDeploymentPostprocessing = 0;
		};
		6003F5AC195388D20070C39A /* Resources */ = {
			isa = PBXResourcesBuildPhase;
			buildActionMask = 2147483647;
			files = (
				6003F5BA195388D20070C39A /* InfoPlist.strings in Resources */,
			);
			runOnlyForDeploymentPostprocessing = 0;
		};
/* End PBXResourcesBuildPhase section */

/* Begin PBXShellScriptBuildPhase section */
		0860BC838700F5942E7EBF7E /* [CP] Copy Pods Resources */ = {
			isa = PBXShellScriptBuildPhase;
			buildActionMask = 2147483647;
			files = (
			);
			inputPaths = (
				"${SRCROOT}/Pods/Target Support Files/Pods-dg_Example/Pods-dg_Example-resources.sh",
				"${PODS_ROOT}/AlibcLinkPartnerSDK/AlibcLinkPartnerSDK.framework/ALPLinkPartnerSDK.bundle",
				"${PODS_ROOT}/AlibcTradeSDK/AlibcTradeBiz.framework/NBResource.bundle",
				"${PODS_ROOT}/AlipaySDK/alipay/AlipaySDK.bundle",
				"${PODS_ROOT}/Bugtags/Bugtags.bundle",
				"${PODS_ROOT}/IQKeyboardManager/IQKeyboardManager/Resources/IQKeyboardManager.bundle",
				"${PODS_ROOT}/MJRefresh/MJRefresh/MJRefresh.bundle",
				"${PODS_ROOT}/MSAppModuleWebApp/Pod/Assets/EMJSBridge.js",
				"${PODS_ROOT}/MSAppModuleWebApp/Pod/Assets/EMJSBridge2.js",
				"${PODS_ROOT}/MSAppModuleWebApp/Pod/Assets/web_icon_logo@2x.png",
				"${PODS_ROOT}/MSAppModuleWebApp/Pod/Assets/web_icon_logo@3x.png",
				"${PODS_CONFIGURATION_BUILD_DIR}/YHLTableView/YHLTableView.bundle",
				"${PODS_ROOT}/commonLib/commonLib/Classes/UIKit/CollectionModels/resource/MSImageCollectionViewCell.xib",
				"${PODS_ROOT}/commonLib/commonLib/Classes/UIKit/FontAwesome+iOS/resource/FontAwesome.ttf",
				"${PODS_ROOT}/commonLib/commonLib/Assets/image2.png",
			);
			name = "[CP] Copy Pods Resources";
			outputPaths = (
				"${TARGET_BUILD_DIR}/${UNLOCALIZED_RESOURCES_FOLDER_PATH}/ALPLinkPartnerSDK.bundle",
				"${TARGET_BUILD_DIR}/${UNLOCALIZED_RESOURCES_FOLDER_PATH}/NBResource.bundle",
				"${TARGET_BUILD_DIR}/${UNLOCALIZED_RESOURCES_FOLDER_PATH}/AlipaySDK.bundle",
				"${TARGET_BUILD_DIR}/${UNLOCALIZED_RESOURCES_FOLDER_PATH}/Bugtags.bundle",
				"${TARGET_BUILD_DIR}/${UNLOCALIZED_RESOURCES_FOLDER_PATH}/IQKeyboardManager.bundle",
				"${TARGET_BUILD_DIR}/${UNLOCALIZED_RESOURCES_FOLDER_PATH}/MJRefresh.bundle",
				"${TARGET_BUILD_DIR}/${UNLOCALIZED_RESOURCES_FOLDER_PATH}/EMJSBridge.js",
				"${TARGET_BUILD_DIR}/${UNLOCALIZED_RESOURCES_FOLDER_PATH}/EMJSBridge2.js",
				"${TARGET_BUILD_DIR}/${UNLOCALIZED_RESOURCES_FOLDER_PATH}/web_icon_logo@2x.png",
				"${TARGET_BUILD_DIR}/${UNLOCALIZED_RESOURCES_FOLDER_PATH}/web_icon_logo@3x.png",
				"${TARGET_BUILD_DIR}/${UNLOCALIZED_RESOURCES_FOLDER_PATH}/YHLTableView.bundle",
				"${TARGET_BUILD_DIR}/${UNLOCALIZED_RESOURCES_FOLDER_PATH}/MSImageCollectionViewCell.nib",
				"${TARGET_BUILD_DIR}/${UNLOCALIZED_RESOURCES_FOLDER_PATH}/FontAwesome.ttf",
				"${TARGET_BUILD_DIR}/${UNLOCALIZED_RESOURCES_FOLDER_PATH}/image2.png",
			);
			runOnlyForDeploymentPostprocessing = 0;
			shellPath = /bin/sh;
			shellScript = "\"${SRCROOT}/Pods/Target Support Files/Pods-dg_Example/Pods-dg_Example-resources.sh\"\n";
			showEnvVarsInLog = 0;
		};
		761D33534A313836122BF1CE /* [CP] Embed Pods Frameworks */ = {
			isa = PBXShellScriptBuildPhase;
			buildActionMask = 2147483647;
			files = (
			);
			inputPaths = (
				"${SRCROOT}/Pods/Target Support Files/Pods-dg_Example/Pods-dg_Example-frameworks.sh",
				"${BUILT_PRODUCTS_DIR}/dg/dg.framework",
			);
			name = "[CP] Embed Pods Frameworks";
			outputPaths = (
				"${TARGET_BUILD_DIR}/${FRAMEWORKS_FOLDER_PATH}/dg.framework",
			);
			runOnlyForDeploymentPostprocessing = 0;
			shellPath = /bin/sh;
			shellScript = "\"${SRCROOT}/Pods/Target Support Files/Pods-dg_Example/Pods-dg_Example-frameworks.sh\"\n";
			showEnvVarsInLog = 0;
		};
		8E3ACFFDD8F84E1B777BB541 /* [CP] Check Pods Manifest.lock */ = {
			isa = PBXShellScriptBuildPhase;
			buildActionMask = 2147483647;
			files = (
			);
			inputPaths = (
				"${PODS_PODFILE_DIR_PATH}/Podfile.lock",
				"${PODS_ROOT}/Manifest.lock",
			);
			name = "[CP] Check Pods Manifest.lock";
			outputPaths = (
				"$(DERIVED_FILE_DIR)/Pods-dg_Example-checkManifestLockResult.txt",
			);
			runOnlyForDeploymentPostprocessing = 0;
			shellPath = /bin/sh;
			shellScript = "diff \"${PODS_PODFILE_DIR_PATH}/Podfile.lock\" \"${PODS_ROOT}/Manifest.lock\" > /dev/null\nif [ $? != 0 ] ; then\n    # print error to STDERR\n    echo \"error: The sandbox is not in sync with the Podfile.lock. Run 'pod install' or update your CocoaPods installation.\" >&2\n    exit 1\nfi\n# This output is used by Xcode 'outputs' to avoid re-running this script phase.\necho \"SUCCESS\" > \"${SCRIPT_OUTPUT_FILE_0}\"\n";
			showEnvVarsInLog = 0;
		};
/* End PBXShellScriptBuildPhase section */

/* Begin PBXSourcesBuildPhase section */
		6003F586195388D20070C39A /* Sources */ = {
			isa = PBXSourcesBuildPhase;
			buildActionMask = 2147483647;
			files = (
				F210289A2062350D0039F71E /* WZNewVersionModel.m in Sources */,
				F210289F2062350D0039F71E /* JLRoutes+YM.m in Sources */,
				F21028952062350D0039F71E /* WZAppSetting.m in Sources */,
				F21028972062350D0039F71E /* WZCollectionReusableModel.m in Sources */,
				F210289D2062350D0039F71E /* WZRequestModel.m in Sources */,
				F210282E2062336B0039F71E /* DGHomeViewController.m in Sources */,
				F210282320622F6B0039F71E /* WZViewController.m in Sources */,
				F21028AC2062350D0039F71E /* CCWXShare.m in Sources */,
				F21028A62062350D0039F71E /* UIView+WZXibView.m in Sources */,
				F210289E2062350D0039F71E /* WZResponse.m in Sources */,
				F21028A42062350D0039F71E /* PINCache+YMCache.m in Sources */,
				F21028DB20626FA70039F71E /* DGMyViewController.m in Sources */,
				6003F59E195388D20070C39A /* DGAppDelegate.m in Sources */,
				F21028902062350D0039F71E /* WZEmptyView.m in Sources */,
				F21028B9206244780039F71E /* DGListModel.m in Sources */,
				F21028A02062350D0039F71E /* NSDate+WZDate.m in Sources */,
				F224E97420594AF000C92206 /* MyAlertView.m in Sources */,
				F210288B2062350D0039F71E /* WZAdViewController.m in Sources */,
				F210288F2062350D0039F71E /* WZCollectionViewCell.m in Sources */,
				F210282720622F6B0039F71E /* WZTableViewController.m in Sources */,
				F21028992062350D0039F71E /* WZModule.m in Sources */,
				F21028962062350D0039F71E /* WZCellModel.m in Sources */,
				F210282B20622F730039F71E /* WZWindow.m in Sources */,
				F21028982062350D0039F71E /* WZCollectionViewModel.m in Sources */,
				F21028BD2062448F0039F71E /* DGHomeListTableViewCell.m in Sources */,
				F21028AD2062350D0039F71E /* SASharePanel.m in Sources */,
				F21028B52062403E0039F71E /* DGListViewController.m in Sources */,
				F21028D1206268370039F71E /* DG99BaoyouViewController.m in Sources */,
				F21028D420626E700039F71E /* DGSpecialViewController.m in Sources */,
				F21028EA2063AAAB0039F71E /* DGGlobalConfig.m in Sources */,
				F210282820622F6B0039F71E /* WZNavigationController.m in Sources */,
				F21028AB2062350D0039F71E /* CCBridgeModule.m in Sources */,
				F210289B2062350D0039F71E /* WZPush.m in Sources */,
				F21028A52062350D0039F71E /* UIButton+WZButton.m in Sources */,
				F210289C2062350D0039F71E /* WZRequest.m in Sources */,
				6003F5A7195388D20070C39A /* DGViewController.m in Sources */,
				F21028E2206276FC0039F71E /* DGSpecialListViewController.m in Sources */,
				F224E9792059519A00C92206 /* ALiTradeSDKShareParam.m in Sources */,
				F210288E2062350D0039F71E /* WZCollectionReusableView.m in Sources */,
				F210282620622F6B0039F71E /* WZCollectionViewController.m in Sources */,
				F21028A22062350D0039F71E /* NSString+WZFormat.m in Sources */,
				F21028E620627C270039F71E /* CCSearchHeaderButtonView.m in Sources */,
				6003F59A195388D20070C39A /* main.m in Sources */,
				F21028A12062350D0039F71E /* NSString+Hash.m in Sources */,
				F210282420622F6B0039F71E /* WZWebViewController.m in Sources */,
				F21028D720626ED40039F71E /* DGCarViewController.m in Sources */,
				F210288D2062350D0039F71E /* WZButton.m in Sources */,
				F21028A32062350D0039F71E /* NSString+WZString.m in Sources */,
				F21028DF206274210039F71E /* DGBaoyouViewController.m in Sources */,
				F224E97C205951E500C92206 /* ALiTradeWebViewController.m in Sources */,
				F210282520622F6B0039F71E /* WZTabBarController.m in Sources */,
				F21028922062350D0039F71E /* WZTableViewCell.m in Sources */,
				F21028AF2062350D0039F71E /* SBDatePickerView.m in Sources */,
				F21028B12062350D0039F71E /* WZShare.m in Sources */,
				F21028B22062350D0039F71E /* YHLTextFieldPhone.m in Sources */,
				F210288A2062350D0039F71E /* SBUploadImageView.m in Sources */,
			);
			runOnlyForDeploymentPostprocessing = 0;
		};
		6003F5AA195388D20070C39A /* Sources */ = {
			isa = PBXSourcesBuildPhase;
			buildActionMask = 2147483647;
			files = (
				6003F5BC195388D20070C39A /* Tests.m in Sources */,
			);
			runOnlyForDeploymentPostprocessing = 0;
		};
/* End PBXSourcesBuildPhase section */

/* Begin PBXTargetDependency section */
		6003F5B4195388D20070C39A /* PBXTargetDependency */ = {
			isa = PBXTargetDependency;
			target = 6003F589195388D20070C39A /* dg_Example */;
			targetProxy = 6003F5B3195388D20070C39A /* PBXContainerItemProxy */;
		};
/* End PBXTargetDependency section */

/* Begin PBXVariantGroup section */
		6003F596195388D20070C39A /* InfoPlist.strings */ = {
			isa = PBXVariantGroup;
			children = (
				6003F597195388D20070C39A /* en */,
			);
			name = InfoPlist.strings;
			sourceTree = "<group>";
		};
		6003F5B8195388D20070C39A /* InfoPlist.strings */ = {
			isa = PBXVariantGroup;
			children = (
				6003F5B9195388D20070C39A /* en */,
			);
			name = InfoPlist.strings;
			sourceTree = "<group>";
		};
		71719F9D1E33DC2100824A3D /* LaunchScreen.storyboard */ = {
			isa = PBXVariantGroup;
			children = (
				71719F9E1E33DC2100824A3D /* Base */,
			);
			name = LaunchScreen.storyboard;
			sourceTree = "<group>";
		};
/* End PBXVariantGroup section */

/* Begin XCBuildConfiguration section */
		6003F5BD195388D20070C39A /* Debug */ = {
			isa = XCBuildConfiguration;
			buildSettings = {
				ALWAYS_SEARCH_USER_PATHS = NO;
				CLANG_CXX_LANGUAGE_STANDARD = "gnu++0x";
				CLANG_CXX_LIBRARY = "libc++";
				CLANG_ENABLE_MODULES = YES;
				CLANG_ENABLE_OBJC_ARC = YES;
				CLANG_WARN_BOOL_CONVERSION = YES;
				CLANG_WARN_CONSTANT_CONVERSION = YES;
				CLANG_WARN_DIRECT_OBJC_ISA_USAGE = YES_ERROR;
				CLANG_WARN_EMPTY_BODY = YES;
				CLANG_WARN_ENUM_CONVERSION = YES;
				CLANG_WARN_INT_CONVERSION = YES;
				CLANG_WARN_OBJC_ROOT_CLASS = YES_ERROR;
				CLANG_WARN__DUPLICATE_METHOD_MATCH = YES;
				CODE_SIGN_IDENTITY = "iPhone Developer: desheng li (8RJCNV8BA3)";
				"CODE_SIGN_IDENTITY[sdk=iphoneos*]" = "iPhone Developer";
				COPY_PHASE_STRIP = NO;
				ENABLE_TESTABILITY = YES;
				GCC_C_LANGUAGE_STANDARD = gnu99;
				GCC_DYNAMIC_NO_PIC = NO;
				GCC_OPTIMIZATION_LEVEL = 0;
				GCC_PREPROCESSOR_DEFINITIONS = (
					"DEBUG=1",
					"$(inherited)",
				);
				GCC_SYMBOLS_PRIVATE_EXTERN = NO;
				GCC_WARN_64_TO_32_BIT_CONVERSION = YES;
				GCC_WARN_ABOUT_RETURN_TYPE = YES_ERROR;
				GCC_WARN_UNDECLARED_SELECTOR = YES;
				GCC_WARN_UNINITIALIZED_AUTOS = YES_AGGRESSIVE;
				GCC_WARN_UNUSED_FUNCTION = YES;
				GCC_WARN_UNUSED_VARIABLE = YES;
				IPHONEOS_DEPLOYMENT_TARGET = 9.0;
				ONLY_ACTIVE_ARCH = YES;
				PROVISIONING_PROFILE = "f74e6a1f-16f1-4a77-9ae4-1685b4d6182f";
				SDKROOT = iphoneos;
				TARGETED_DEVICE_FAMILY = "1,2";
			};
			name = Debug;
		};
		6003F5BE195388D20070C39A /* Release */ = {
			isa = XCBuildConfiguration;
			buildSettings = {
				ALWAYS_SEARCH_USER_PATHS = NO;
				CLANG_CXX_LANGUAGE_STANDARD = "gnu++0x";
				CLANG_CXX_LIBRARY = "libc++";
				CLANG_ENABLE_MODULES = YES;
				CLANG_ENABLE_OBJC_ARC = YES;
				CLANG_WARN_BOOL_CONVERSION = YES;
				CLANG_WARN_CONSTANT_CONVERSION = YES;
				CLANG_WARN_DIRECT_OBJC_ISA_USAGE = YES_ERROR;
				CLANG_WARN_EMPTY_BODY = YES;
				CLANG_WARN_ENUM_CONVERSION = YES;
				CLANG_WARN_INT_CONVERSION = YES;
				CLANG_WARN_OBJC_ROOT_CLASS = YES_ERROR;
				CLANG_WARN__DUPLICATE_METHOD_MATCH = YES;
				CODE_SIGN_IDENTITY = "iPhone Distribution";
				"CODE_SIGN_IDENTITY[sdk=iphoneos*]" = "iPhone Distribution";
				COPY_PHASE_STRIP = YES;
				ENABLE_NS_ASSERTIONS = NO;
				GCC_C_LANGUAGE_STANDARD = gnu99;
				GCC_WARN_64_TO_32_BIT_CONVERSION = YES;
				GCC_WARN_ABOUT_RETURN_TYPE = YES_ERROR;
				GCC_WARN_UNDECLARED_SELECTOR = YES;
				GCC_WARN_UNINITIALIZED_AUTOS = YES_AGGRESSIVE;
				GCC_WARN_UNUSED_FUNCTION = YES;
				GCC_WARN_UNUSED_VARIABLE = YES;
				IPHONEOS_DEPLOYMENT_TARGET = 9.0;
				PROVISIONING_PROFILE = "f74e6a1f-16f1-4a77-9ae4-1685b4d6182f";
				SDKROOT = iphoneos;
				TARGETED_DEVICE_FAMILY = "1,2";
				VALIDATE_PRODUCT = YES;
			};
			name = Release;
		};
		6003F5C0195388D20070C39A /* Debug */ = {
			isa = XCBuildConfiguration;
			baseConfigurationReference = D3DE213528D4B94EFA42D012 /* Pods-dg_Example.debug.xcconfig */;
			buildSettings = {
				ASSETCATALOG_COMPILER_APPICON_NAME = AppIcon;
				CODE_SIGN_IDENTITY = "iPhone Developer: wuchen@cityym.com (56YV865TKB)";
				"CODE_SIGN_IDENTITY[sdk=iphoneos*]" = "iPhone Developer";
				CODE_SIGN_STYLE = Automatic;
				DEVELOPMENT_TEAM = YZ264KY5WM;
				ENABLE_BITCODE = NO;
				FRAMEWORK_SEARCH_PATHS = (
					"$(inherited)",
					"$(PROJECT_DIR)/dg/common/Lib/tuia",
				);
				GCC_PRECOMPILE_PREFIX_HEADER = YES;
				GCC_PREFIX_HEADER = "dg/dg-Prefix.pch";
				INFOPLIST_FILE = "dg/dg-Info.plist";
				LIBRARY_SEARCH_PATHS = (
					"$(inherited)",
					"$(PROJECT_DIR)/dg/common/Lib/Tencent/gbs",
				);
				MODULE_NAME = ExampleApp;
				PRODUCT_BUNDLE_IDENTIFIER = com.chechengshe.wyjiakao;
				PRODUCT_NAME = "$(TARGET_NAME)";
				PROVISIONING_PROFILE = "";
				PROVISIONING_PROFILE_SPECIFIER = "";
				TARGETED_DEVICE_FAMILY = 1;
				WRAPPER_EXTENSION = app;
			};
			name = Debug;
		};
		6003F5C1195388D20070C39A /* Release */ = {
			isa = XCBuildConfiguration;
			baseConfigurationReference = 171F5A568A50C9D0612F36A2 /* Pods-dg_Example.release.xcconfig */;
			buildSettings = {
				ASSETCATALOG_COMPILER_APPICON_NAME = AppIcon;
				CODE_SIGN_IDENTITY = "iPhone Distribution";
				"CODE_SIGN_IDENTITY[sdk=iphoneos*]" = "iPhone Developer";
				CODE_SIGN_STYLE = Automatic;
				DEVELOPMENT_TEAM = YZ264KY5WM;
				ENABLE_BITCODE = NO;
				FRAMEWORK_SEARCH_PATHS = (
					"$(inherited)",
					"$(PROJECT_DIR)/dg/common/Lib/tuia",
				);
				GCC_PRECOMPILE_PREFIX_HEADER = YES;
				GCC_PREFIX_HEADER = "dg/dg-Prefix.pch";
				INFOPLIST_FILE = "dg/dg-Info.plist";
				LIBRARY_SEARCH_PATHS = (
					"$(inherited)",
					"$(PROJECT_DIR)/dg/common/Lib/Tencent/gbs",
				);
				MODULE_NAME = ExampleApp;
				PRODUCT_BUNDLE_IDENTIFIER = com.chechengshe.wyjiakao;
				PRODUCT_NAME = "$(TARGET_NAME)";
				PROVISIONING_PROFILE = "";
				PROVISIONING_PROFILE_SPECIFIER = "";
				TARGETED_DEVICE_FAMILY = 1;
				WRAPPER_EXTENSION = app;
			};
			name = Release;
		};
		6003F5C3195388D20070C39A /* Debug */ = {
			isa = XCBuildConfiguration;
			buildSettings = {
				BUNDLE_LOADER = "$(TEST_HOST)";
				FRAMEWORK_SEARCH_PATHS = (
					"$(SDKROOT)/Developer/Library/Frameworks",
					"$(inherited)",
					"$(DEVELOPER_FRAMEWORKS_DIR)",
				);
				GCC_PRECOMPILE_PREFIX_HEADER = YES;
				GCC_PREFIX_HEADER = "Tests/Tests-Prefix.pch";
				GCC_PREPROCESSOR_DEFINITIONS = (
					"DEBUG=1",
					"$(inherited)",
				);
				INFOPLIST_FILE = "Tests/Tests-Info.plist";
				PRODUCT_BUNDLE_IDENTIFIER = "org.cocoapods.demo.${PRODUCT_NAME:rfc1034identifier}";
				PRODUCT_NAME = "$(TARGET_NAME)";
				TEST_HOST = "$(BUILT_PRODUCTS_DIR)/dg_Example.app/dg_Example";
				WRAPPER_EXTENSION = xctest;
			};
			name = Debug;
		};
		6003F5C4195388D20070C39A /* Release */ = {
			isa = XCBuildConfiguration;
			buildSettings = {
				BUNDLE_LOADER = "$(TEST_HOST)";
				FRAMEWORK_SEARCH_PATHS = (
					"$(SDKROOT)/Developer/Library/Frameworks",
					"$(inherited)",
					"$(DEVELOPER_FRAMEWORKS_DIR)",
				);
				GCC_PRECOMPILE_PREFIX_HEADER = YES;
				GCC_PREFIX_HEADER = "Tests/Tests-Prefix.pch";
				INFOPLIST_FILE = "Tests/Tests-Info.plist";
				PRODUCT_BUNDLE_IDENTIFIER = "org.cocoapods.demo.${PRODUCT_NAME:rfc1034identifier}";
				PRODUCT_NAME = "$(TARGET_NAME)";
				TEST_HOST = "$(BUILT_PRODUCTS_DIR)/dg_Example.app/dg_Example";
				WRAPPER_EXTENSION = xctest;
			};
			name = Release;
		};
/* End XCBuildConfiguration section */

/* Begin XCConfigurationList section */
		6003F585195388D10070C39A /* Build configuration list for PBXProject "dg" */ = {
			isa = XCConfigurationList;
			buildConfigurations = (
				6003F5BD195388D20070C39A /* Debug */,
				6003F5BE195388D20070C39A /* Release */,
			);
			defaultConfigurationIsVisible = 0;
			defaultConfigurationName = Release;
		};
		6003F5BF195388D20070C39A /* Build configuration list for PBXNativeTarget "dg_Example" */ = {
			isa = XCConfigurationList;
			buildConfigurations = (
				6003F5C0195388D20070C39A /* Debug */,
				6003F5C1195388D20070C39A /* Release */,
			);
			defaultConfigurationIsVisible = 0;
			defaultConfigurationName = Release;
		};
		6003F5C2195388D20070C39A /* Build configuration list for PBXNativeTarget "dg_Tests" */ = {
			isa = XCConfigurationList;
			buildConfigurations = (
				6003F5C3195388D20070C39A /* Debug */,
				6003F5C4195388D20070C39A /* Release */,
			);
			defaultConfigurationIsVisible = 0;
			defaultConfigurationName = Release;
		};
/* End XCConfigurationList section */
	};
	rootObject = 6003F582195388D10070C39A /* Project object */;
}
